
Microsoft Visual Studio Solution File, Format Version 12.00
# Visual Studio Version 17
VisualStudioVersion = 17.12.35527.113 d17.12
MinimumVisualStudioVersion = 10.0.40219.1
Project("{FAE04EC0-301F-11D3-BF4B-00C04F79EFBC}") = "CompositeConvertingArchitecture", "CompositeConvertingArchitecture\CompositeConvertingArchitecture.csproj", "{3E52BA5F-871B-439B-BD50-3C74DBF346E1}"
EndProject
Project("{FAE04EC0-301F-11D3-BF4B-00C04F79EFBC}") = "CompositeConvertingArchitectureTests", "CompositeConvertingArchitectureTests\CompositeConvertingArchitectureTests.csproj", "{C84BD47F-BFA1-4ED8-B5D3-70C6ABD675A1}"
EndProject
Global
	GlobalSection(SolutionConfigurationPlatforms) = preSolution
		Debug|Any CPU = Debug|Any CPU
		Release|Any CPU = Release|Any CPU
	EndGlobalSection
	GlobalSection(ProjectConfigurationPlatforms) = postSolution
		{3E52BA5F-871B-439B-BD50-3C74DBF346E1}.Debug|Any CPU.ActiveCfg = Debug|Any CPU
		{3E52BA5F-871B-439B-BD50-3C74DBF346E1}.Debug|Any CPU.Build.0 = Debug|Any CPU
		{3E52BA5F-871B-439B-BD50-3C74DBF346E1}.Release|Any CPU.ActiveCfg = Release|Any CPU
		{3E52BA5F-871B-439B-BD50-3C74DBF346E1}.Release|Any CPU.Build.0 = Release|Any CPU
		{C84BD47F-BFA1-4ED8-B5D3-70C6ABD675A1}.Debug|Any CPU.ActiveCfg = Debug|Any CPU
		{C84BD47F-BFA1-4ED8-B5D3-70C6ABD675A1}.Debug|Any CPU.Build.0 = Debug|Any CPU
		{C84BD47F-BFA1-4ED8-B5D3-70C6ABD675A1}.Release|Any CPU.ActiveCfg = Release|Any CPU
		{C84BD47F-BFA1-4ED8-B5D3-70C6ABD675A1}.Release|Any CPU.Build.0 = Release|Any CPU
	EndGlobalSection
	GlobalSection(SolutionProperties) = preSolution
		HideSolutionNode = FALSE
	EndGlobalSection
EndGlobal
